
Microsoft Visual Studio Solution File, Format Version 12.00
# Visual Studio Version 16
VisualStudioVersion = 16.0.31424.327
MinimumVisualStudioVersion = 10.0.40219.1
Project("{9A19103F-16F7-4668-BE54-9A1E7A4F7556}") = "Quran.Server.Domain", "Quran.Server.Domain\Quran.Server.Domain.csproj", "{893A5EF6-D3F0-4505-A5A3-2349AD6AFD66}"
EndProject
Project("{FAE04EC0-301F-11D3-BF4B-00C04F79EFBC}") = "Quran.Server.Application", "Quran.Server.Application\Quran.Server.Application.csproj", "{5846FBF8-BA7E-4808-8D7E-A33BBB6B1C80}"
EndProject
Project("{FAE04EC0-301F-11D3-BF4B-00C04F79EFBC}") = "Quran.Server.Inferastructure", "Quran.Server.Inferastructure\Quran.Server.Inferastructure.csproj", "{3186F8BB-E813-44B4-96B8-532FBE8B14F3}"
EndProject
Global
	GlobalSection(SolutionConfigurationPlatforms) = preSolution
		Debug|Any CPU = Debug|Any CPU
		Release|Any CPU = Release|Any CPU
	EndGlobalSection
	GlobalSection(ProjectConfigurationPlatforms) = postSolution
		{893A5EF6-D3F0-4505-A5A3-2349AD6AFD66}.Debug|Any CPU.ActiveCfg = Debug|Any CPU
		{893A5EF6-D3F0-4505-A5A3-2349AD6AFD66}.Debug|Any CPU.Build.0 = Debug|Any CPU
		{893A5EF6-D3F0-4505-A5A3-2349AD6AFD66}.Release|Any CPU.ActiveCfg = Release|Any CPU
		{893A5EF6-D3F0-4505-A5A3-2349AD6AFD66}.Release|Any CPU.Build.0 = Release|Any CPU
		{5846FBF8-BA7E-4808-8D7E-A33BBB6B1C80}.Debug|Any CPU.ActiveCfg = Debug|Any CPU
		{5846FBF8-BA7E-4808-8D7E-A33BBB6B1C80}.Debug|Any CPU.Build.0 = Debug|Any CPU
		{5846FBF8-BA7E-4808-8D7E-A33BBB6B1C80}.Release|Any CPU.ActiveCfg = Release|Any CPU
		{5846FBF8-BA7E-4808-8D7E-A33BBB6B1C80}.Release|Any CPU.Build.0 = Release|Any CPU
		{3186F8BB-E813-44B4-96B8-532FBE8B14F3}.Debug|Any CPU.ActiveCfg = Debug|Any CPU
		{3186F8BB-E813-44B4-96B8-532FBE8B14F3}.Debug|Any CPU.Build.0 = Debug|Any CPU
		{3186F8BB-E813-44B4-96B8-532FBE8B14F3}.Release|Any CPU.ActiveCfg = Release|Any CPU
		{3186F8BB-E813-44B4-96B8-532FBE8B14F3}.Release|Any CPU.Build.0 = Release|Any CPU
	EndGlobalSection
	GlobalSection(SolutionProperties) = preSolution
		HideSolutionNode = FALSE
	EndGlobalSection
	GlobalSection(ExtensibilityGlobals) = postSolution
		SolutionGuid = {FDFD2DC7-23F5-4FEC-A5F6-AC9C05424CAF}
	EndGlobalSection
EndGlobal
